// !$*UTF8*$!
{
	archiveVersion = 1;
	classes = {
	};
	objectVersion = 46;
	objects = {

/* Begin PBXBuildFile section */
		00A8DA5B6589492BE1937C0F /* libPods-Meditation Hub.a in Frameworks */ = {isa = PBXBuildFile; fileRef = A75489D1722707E477411D1E /* libPods-Meditation Hub.a */; };
		AB2FB14A1F33EB0600AFCEAC /* UserEmailLoginRequestModel.m in Sources */ = {isa = PBXBuildFile; fileRef = AB2FB1491F33EB0600AFCEAC /* UserEmailLoginRequestModel.m */; };
		AB2FB14D1F33EF3100AFCEAC /* SessionManager.m in Sources */ = {isa = PBXBuildFile; fileRef = AB2FB14C1F33EF3100AFCEAC /* SessionManager.m */; };
		AB2FB1521F33F1D500AFCEAC /* UserModel.m in Sources */ = {isa = PBXBuildFile; fileRef = AB2FB1511F33F1D500AFCEAC /* UserModel.m */; };
		AB2FB1551F33F8DA00AFCEAC /* UserEmailLoginResponseModel.m in Sources */ = {isa = PBXBuildFile; fileRef = AB2FB1541F33F8DA00AFCEAC /* UserEmailLoginResponseModel.m */; };
		AB2FB1581F341BA600AFCEAC /* ApiManager.m in Sources */ = {isa = PBXBuildFile; fileRef = AB2FB1571F341BA600AFCEAC /* ApiManager.m */; };
		AB2FB15B1F34203600AFCEAC /* EmailLoginViewController.m in Sources */ = {isa = PBXBuildFile; fileRef = AB2FB15A1F34203600AFCEAC /* EmailLoginViewController.m */; };
		AB2FB15E1F344E8400AFCEAC /* EmailSignupViewController.m in Sources */ = {isa = PBXBuildFile; fileRef = AB2FB15D1F344E8400AFCEAC /* EmailSignupViewController.m */; };
		AB2FB1621F346A2A00AFCEAC /* FacebookLoginResponseModel.m in Sources */ = {isa = PBXBuildFile; fileRef = AB2FB1611F346A2A00AFCEAC /* FacebookLoginResponseModel.m */; };
		AB2FB1651F346ADB00AFCEAC /* FacebookLoginRequestModel.m in Sources */ = {isa = PBXBuildFile; fileRef = AB2FB1641F346ADB00AFCEAC /* FacebookLoginRequestModel.m */; };
		AB2FB1911F35236900AFCEAC /* UserRealm.m in Sources */ = {isa = PBXBuildFile; fileRef = AB2FB1901F35236900AFCEAC /* UserRealm.m */; };
		AB2FB1941F352CDD00AFCEAC /* WelcomeViewController.m in Sources */ = {isa = PBXBuildFile; fileRef = AB2FB1931F352CDD00AFCEAC /* WelcomeViewController.m */; };
		AB8322BE1F33DAE90018EF14 /* LoginViewController.m in Sources */ = {isa = PBXBuildFile; fileRef = AB8322BD1F33DAE90018EF14 /* LoginViewController.m */; };
		ABA403D11EFE17F400B1B0F0 /* main.m in Sources */ = {isa = PBXBuildFile; fileRef = ABA403D01EFE17F400B1B0F0 /* main.m */; };
		ABA403D41EFE17F400B1B0F0 /* AppDelegate.m in Sources */ = {isa = PBXBuildFile; fileRef = ABA403D31EFE17F400B1B0F0 /* AppDelegate.m */; };
		ABA403D71EFE17F400B1B0F0 /* FirstViewController.m in Sources */ = {isa = PBXBuildFile; fileRef = ABA403D61EFE17F400B1B0F0 /* FirstViewController.m */; };
		ABA403DA1EFE17F400B1B0F0 /* SecondViewController.m in Sources */ = {isa = PBXBuildFile; fileRef = ABA403D91EFE17F400B1B0F0 /* SecondViewController.m */; };
		ABA403DD1EFE17F400B1B0F0 /* Main.storyboard in Resources */ = {isa = PBXBuildFile; fileRef = ABA403DB1EFE17F400B1B0F0 /* Main.storyboard */; };
		ABA403DF1EFE17F400B1B0F0 /* Assets.xcassets in Resources */ = {isa = PBXBuildFile; fileRef = ABA403DE1EFE17F400B1B0F0 /* Assets.xcassets */; };
		ABA403E21EFE17F400B1B0F0 /* LaunchScreen.storyboard in Resources */ = {isa = PBXBuildFile; fileRef = ABA403E01EFE17F400B1B0F0 /* LaunchScreen.storyboard */; };
		ABC36A0E1F5D331800AECFD1 /* PackageListViewController.m in Sources */ = {isa = PBXBuildFile; fileRef = ABC36A0D1F5D331800AECFD1 /* PackageListViewController.m */; };
		ABC36A151F6519D300AECFD1 /* CurrentUserResponseModel.m in Sources */ = {isa = PBXBuildFile; fileRef = ABC36A141F6519D300AECFD1 /* CurrentUserResponseModel.m */; };
		ABC36A181F651B4300AECFD1 /* CurrentUserRequestModel.m in Sources */ = {isa = PBXBuildFile; fileRef = ABC36A171F651B4300AECFD1 /* CurrentUserRequestModel.m */; };
		ABC36A251F65373800AECFD1 /* MMNavigationController.m in Sources */ = {isa = PBXBuildFile; fileRef = ABC36A241F65373800AECFD1 /* MMNavigationController.m */; };
		ABC36A281F653A1800AECFD1 /* UIViewController+MMDrawerController.m in Sources */ = {isa = PBXBuildFile; fileRef = ABC36A271F653A1800AECFD1 /* UIViewController+MMDrawerController.m */; };
		ABC36A2C1F653C3900AECFD1 /* MMSideDrawerViewController.m in Sources */ = {isa = PBXBuildFile; fileRef = ABC36A2B1F653C3900AECFD1 /* MMSideDrawerViewController.m */; };
		ABC36A2F1F653CA100AECFD1 /* MMViewController.m in Sources */ = {isa = PBXBuildFile; fileRef = ABC36A2E1F653CA100AECFD1 /* MMViewController.m */; };
		ABC36A321F653D1400AECFD1 /* MMLogoView.m in Sources */ = {isa = PBXBuildFile; fileRef = ABC36A311F653D1400AECFD1 /* MMLogoView.m */; };
		ABC36A361F653D8000AECFD1 /* MMSideDrawerTableViewCell.m in Sources */ = {isa = PBXBuildFile; fileRef = ABC36A351F653D8000AECFD1 /* MMSideDrawerTableViewCell.m */; };
		ABC36A391F653D9600AECFD1 /* MMTableViewCell.m in Sources */ = {isa = PBXBuildFile; fileRef = ABC36A381F653D9600AECFD1 /* MMTableViewCell.m */; };
		ABC36A3C1F653DAE00AECFD1 /* MMSideDrawerSectionHeaderView.m in Sources */ = {isa = PBXBuildFile; fileRef = ABC36A3B1F653DAE00AECFD1 /* MMSideDrawerSectionHeaderView.m */; };
		ABC36A3F1F653E0500AECFD1 /* MMLeftSideDrawerViewController.m in Sources */ = {isa = PBXBuildFile; fileRef = ABC36A3E1F653E0500AECFD1 /* MMLeftSideDrawerViewController.m */; };
		ABC36A421F6676E400AECFD1 /* LogoutViewController.m in Sources */ = {isa = PBXBuildFile; fileRef = ABC36A411F6676E400AECFD1 /* LogoutViewController.m */; };
		ABC36A451F66845900AECFD1 /* SubscriptionsViewController.m in Sources */ = {isa = PBXBuildFile; fileRef = ABC36A441F66845900AECFD1 /* SubscriptionsViewController.m */; };
		ABC36A481F66855000AECFD1 /* CenterContentBaseViewController.m in Sources */ = {isa = PBXBuildFile; fileRef = ABC36A471F66855000AECFD1 /* CenterContentBaseViewController.m */; };
		ABC36A4B1F668FFD00AECFD1 /* BrowsePackagesViewController.m in Sources */ = {isa = PBXBuildFile; fileRef = ABC36A4A1F668FFD00AECFD1 /* BrowsePackagesViewController.m */; };
		ABC36A4E1F66901200AECFD1 /* BrowsePublishersViewController.m in Sources */ = {isa = PBXBuildFile; fileRef = ABC36A4D1F66901200AECFD1 /* BrowsePublishersViewController.m */; };
		ABC36A511F66947800AECFD1 /* SettingsViewController.m in Sources */ = {isa = PBXBuildFile; fileRef = ABC36A501F66947800AECFD1 /* SettingsViewController.m */; };
/* End PBXBuildFile section */

/* Begin PBXCopyFilesBuildPhase section */
		AB2FB18E1F3513E200AFCEAC /* Embed Frameworks */ = {
			isa = PBXCopyFilesBuildPhase;
			buildActionMask = 2147483647;
			dstPath = "";
			dstSubfolderSpec = 10;
			files = (
			);
			name = "Embed Frameworks";
			runOnlyForDeploymentPostprocessing = 0;
		};
/* End PBXCopyFilesBuildPhase section */

/* Begin PBXFileReference section */
		5A9071A351537163EE76C5BC /* Pods-Meditation Hub.release.xcconfig */ = {isa = PBXFileReference; includeInIndex = 1; lastKnownFileType = text.xcconfig; name = "Pods-Meditation Hub.release.xcconfig"; path = "Pods/Target Support Files/Pods-Meditation Hub/Pods-Meditation Hub.release.xcconfig"; sourceTree = "<group>"; };
		9D6F35EEC9C8567858A380D5 /* Pods-Meditation Hub.debug.xcconfig */ = {isa = PBXFileReference; includeInIndex = 1; lastKnownFileType = text.xcconfig; name = "Pods-Meditation Hub.debug.xcconfig"; path = "Pods/Target Support Files/Pods-Meditation Hub/Pods-Meditation Hub.debug.xcconfig"; sourceTree = "<group>"; };
		A75489D1722707E477411D1E /* libPods-Meditation Hub.a */ = {isa = PBXFileReference; explicitFileType = archive.ar; includeInIndex = 0; path = "libPods-Meditation Hub.a"; sourceTree = BUILT_PRODUCTS_DIR; };
		AB2FB1451F33E84900AFCEAC /* Global.h */ = {isa = PBXFileReference; lastKnownFileType = sourcecode.c.h; name = Global.h; path = supportingfiles/Global.h; sourceTree = "<group>"; };
		AB2FB1481F33EB0600AFCEAC /* UserEmailLoginRequestModel.h */ = {isa = PBXFileReference; fileEncoding = 4; lastKnownFileType = sourcecode.c.h; name = UserEmailLoginRequestModel.h; path = models/mantle/UserEmailLoginRequestModel.h; sourceTree = "<group>"; };
		AB2FB1491F33EB0600AFCEAC /* UserEmailLoginRequestModel.m */ = {isa = PBXFileReference; fileEncoding = 4; lastKnownFileType = sourcecode.c.objc; name = UserEmailLoginRequestModel.m; path = models/mantle/UserEmailLoginRequestModel.m; sourceTree = "<group>"; };
		AB2FB14B1F33EF3100AFCEAC /* SessionManager.h */ = {isa = PBXFileReference; fileEncoding = 4; lastKnownFileType = sourcecode.c.h; path = SessionManager.h; sourceTree = "<group>"; };
		AB2FB14C1F33EF3100AFCEAC /* SessionManager.m */ = {isa = PBXFileReference; fileEncoding = 4; lastKnownFileType = sourcecode.c.objc; path = SessionManager.m; sourceTree = "<group>"; };
		AB2FB1501F33F1D500AFCEAC /* UserModel.h */ = {isa = PBXFileReference; fileEncoding = 4; lastKnownFileType = sourcecode.c.h; name = UserModel.h; path = models/mantle/UserModel.h; sourceTree = "<group>"; };
		AB2FB1511F33F1D500AFCEAC /* UserModel.m */ = {isa = PBXFileReference; fileEncoding = 4; lastKnownFileType = sourcecode.c.objc; name = UserModel.m; path = models/mantle/UserModel.m; sourceTree = "<group>"; };
		AB2FB1531F33F8DA00AFCEAC /* UserEmailLoginResponseModel.h */ = {isa = PBXFileReference; fileEncoding = 4; lastKnownFileType = sourcecode.c.h; name = UserEmailLoginResponseModel.h; path = models/mantle/response/UserEmailLoginResponseModel.h; sourceTree = "<group>"; };
		AB2FB1541F33F8DA00AFCEAC /* UserEmailLoginResponseModel.m */ = {isa = PBXFileReference; fileEncoding = 4; lastKnownFileType = sourcecode.c.objc; name = UserEmailLoginResponseModel.m; path = models/mantle/response/UserEmailLoginResponseModel.m; sourceTree = "<group>"; };
		AB2FB1561F341BA600AFCEAC /* ApiManager.h */ = {isa = PBXFileReference; fileEncoding = 4; lastKnownFileType = sourcecode.c.h; path = ApiManager.h; sourceTree = "<group>"; };
		AB2FB1571F341BA600AFCEAC /* ApiManager.m */ = {isa = PBXFileReference; fileEncoding = 4; lastKnownFileType = sourcecode.c.objc; path = ApiManager.m; sourceTree = "<group>"; };
		AB2FB1591F34203600AFCEAC /* EmailLoginViewController.h */ = {isa = PBXFileReference; fileEncoding = 4; lastKnownFileType = sourcecode.c.h; name = EmailLoginViewController.h; path = viewcontrollers/EmailLoginViewController.h; sourceTree = "<group>"; };
		AB2FB15A1F34203600AFCEAC /* EmailLoginViewController.m */ = {isa = PBXFileReference; fileEncoding = 4; lastKnownFileType = sourcecode.c.objc; name = EmailLoginViewController.m; path = viewcontrollers/EmailLoginViewController.m; sourceTree = "<group>"; };
		AB2FB15C1F344E8400AFCEAC /* EmailSignupViewController.h */ = {isa = PBXFileReference; fileEncoding = 4; lastKnownFileType = sourcecode.c.h; name = EmailSignupViewController.h; path = viewcontrollers/EmailSignupViewController.h; sourceTree = "<group>"; };
		AB2FB15D1F344E8400AFCEAC /* EmailSignupViewController.m */ = {isa = PBXFileReference; fileEncoding = 4; lastKnownFileType = sourcecode.c.objc; name = EmailSignupViewController.m; path = viewcontrollers/EmailSignupViewController.m; sourceTree = "<group>"; };
		AB2FB1601F346A2A00AFCEAC /* FacebookLoginResponseModel.h */ = {isa = PBXFileReference; fileEncoding = 4; lastKnownFileType = sourcecode.c.h; name = FacebookLoginResponseModel.h; path = models/mantle/response/FacebookLoginResponseModel.h; sourceTree = "<group>"; };
		AB2FB1611F346A2A00AFCEAC /* FacebookLoginResponseModel.m */ = {isa = PBXFileReference; fileEncoding = 4; lastKnownFileType = sourcecode.c.objc; name = FacebookLoginResponseModel.m; path = models/mantle/response/FacebookLoginResponseModel.m; sourceTree = "<group>"; };
		AB2FB1631F346ADB00AFCEAC /* FacebookLoginRequestModel.h */ = {isa = PBXFileReference; fileEncoding = 4; lastKnownFileType = sourcecode.c.h; name = FacebookLoginRequestModel.h; path = models/mantle/request/FacebookLoginRequestModel.h; sourceTree = "<group>"; };
		AB2FB1641F346ADB00AFCEAC /* FacebookLoginRequestModel.m */ = {isa = PBXFileReference; fileEncoding = 4; lastKnownFileType = sourcecode.c.objc; name = FacebookLoginRequestModel.m; path = models/mantle/request/FacebookLoginRequestModel.m; sourceTree = "<group>"; };
		AB2FB1861F35139100AFCEAC /* libz.tbd */ = {isa = PBXFileReference; lastKnownFileType = "sourcecode.text-based-dylib-definition"; name = libz.tbd; path = usr/lib/libz.tbd; sourceTree = SDKROOT; };
		AB2FB1881F35139C00AFCEAC /* libsqlite3.tbd */ = {isa = PBXFileReference; lastKnownFileType = "sourcecode.text-based-dylib-definition"; name = libsqlite3.tbd; path = usr/lib/libsqlite3.tbd; sourceTree = SDKROOT; };
		AB2FB18F1F35236900AFCEAC /* UserRealm.h */ = {isa = PBXFileReference; fileEncoding = 4; lastKnownFileType = sourcecode.c.h; name = UserRealm.h; path = models/realm/UserRealm.h; sourceTree = "<group>"; };
		AB2FB1901F35236900AFCEAC /* UserRealm.m */ = {isa = PBXFileReference; fileEncoding = 4; lastKnownFileType = sourcecode.c.objc; name = UserRealm.m; path = models/realm/UserRealm.m; sourceTree = "<group>"; };
		AB2FB1921F352CDD00AFCEAC /* WelcomeViewController.h */ = {isa = PBXFileReference; fileEncoding = 4; lastKnownFileType = sourcecode.c.h; name = WelcomeViewController.h; path = viewcontrollers/WelcomeViewController.h; sourceTree = "<group>"; };
		AB2FB1931F352CDD00AFCEAC /* WelcomeViewController.m */ = {isa = PBXFileReference; fileEncoding = 4; lastKnownFileType = sourcecode.c.objc; name = WelcomeViewController.m; path = viewcontrollers/WelcomeViewController.m; sourceTree = "<group>"; };
		AB8322BC1F33DAE90018EF14 /* LoginViewController.h */ = {isa = PBXFileReference; fileEncoding = 4; lastKnownFileType = sourcecode.c.h; name = LoginViewController.h; path = viewcontrollers/LoginViewController.h; sourceTree = "<group>"; };
		AB8322BD1F33DAE90018EF14 /* LoginViewController.m */ = {isa = PBXFileReference; fileEncoding = 4; lastKnownFileType = sourcecode.c.objc; name = LoginViewController.m; path = viewcontrollers/LoginViewController.m; sourceTree = "<group>"; };
		ABA403CC1EFE17F400B1B0F0 /* Meditation Hub.app */ = {isa = PBXFileReference; explicitFileType = wrapper.application; includeInIndex = 0; path = "Meditation Hub.app"; sourceTree = BUILT_PRODUCTS_DIR; };
		ABA403D01EFE17F400B1B0F0 /* main.m */ = {isa = PBXFileReference; lastKnownFileType = sourcecode.c.objc; path = main.m; sourceTree = "<group>"; };
		ABA403D21EFE17F400B1B0F0 /* AppDelegate.h */ = {isa = PBXFileReference; lastKnownFileType = sourcecode.c.h; path = AppDelegate.h; sourceTree = "<group>"; };
		ABA403D31EFE17F400B1B0F0 /* AppDelegate.m */ = {isa = PBXFileReference; lastKnownFileType = sourcecode.c.objc; path = AppDelegate.m; sourceTree = "<group>"; };
		ABA403D51EFE17F400B1B0F0 /* FirstViewController.h */ = {isa = PBXFileReference; lastKnownFileType = sourcecode.c.h; path = FirstViewController.h; sourceTree = "<group>"; };
		ABA403D61EFE17F400B1B0F0 /* FirstViewController.m */ = {isa = PBXFileReference; lastKnownFileType = sourcecode.c.objc; path = FirstViewController.m; sourceTree = "<group>"; };
		ABA403D81EFE17F400B1B0F0 /* SecondViewController.h */ = {isa = PBXFileReference; lastKnownFileType = sourcecode.c.h; path = SecondViewController.h; sourceTree = "<group>"; };
		ABA403D91EFE17F400B1B0F0 /* SecondViewController.m */ = {isa = PBXFileReference; lastKnownFileType = sourcecode.c.objc; path = SecondViewController.m; sourceTree = "<group>"; };
		ABA403DC1EFE17F400B1B0F0 /* Base */ = {isa = PBXFileReference; lastKnownFileType = file.storyboard; name = Base; path = Base.lproj/Main.storyboard; sourceTree = "<group>"; };
		ABA403DE1EFE17F400B1B0F0 /* Assets.xcassets */ = {isa = PBXFileReference; lastKnownFileType = folder.assetcatalog; path = Assets.xcassets; sourceTree = "<group>"; };
		ABA403E11EFE17F400B1B0F0 /* Base */ = {isa = PBXFileReference; lastKnownFileType = file.storyboard; name = Base; path = Base.lproj/LaunchScreen.storyboard; sourceTree = "<group>"; };
		ABA403E31EFE17F400B1B0F0 /* Info.plist */ = {isa = PBXFileReference; lastKnownFileType = text.plist.xml; path = Info.plist; sourceTree = "<group>"; };
		ABC36A0C1F5D331800AECFD1 /* PackageListViewController.h */ = {isa = PBXFileReference; fileEncoding = 4; lastKnownFileType = sourcecode.c.h; name = PackageListViewController.h; path = viewcontrollers/PackageListViewController.h; sourceTree = "<group>"; };
		ABC36A0D1F5D331800AECFD1 /* PackageListViewController.m */ = {isa = PBXFileReference; fileEncoding = 4; lastKnownFileType = sourcecode.c.objc; name = PackageListViewController.m; path = viewcontrollers/PackageListViewController.m; sourceTree = "<group>"; };
		ABC36A131F6519D300AECFD1 /* CurrentUserResponseModel.h */ = {isa = PBXFileReference; fileEncoding = 4; lastKnownFileType = sourcecode.c.h; name = CurrentUserResponseModel.h; path = models/mantle/response/CurrentUserResponseModel.h; sourceTree = "<group>"; };
		ABC36A141F6519D300AECFD1 /* CurrentUserResponseModel.m */ = {isa = PBXFileReference; fileEncoding = 4; lastKnownFileType = sourcecode.c.objc; name = CurrentUserResponseModel.m; path = models/mantle/response/CurrentUserResponseModel.m; sourceTree = "<group>"; };
		ABC36A161F651B4300AECFD1 /* CurrentUserRequestModel.h */ = {isa = PBXFileReference; fileEncoding = 4; lastKnownFileType = sourcecode.c.h; name = CurrentUserRequestModel.h; path = models/mantle/request/CurrentUserRequestModel.h; sourceTree = "<group>"; };
		ABC36A171F651B4300AECFD1 /* CurrentUserRequestModel.m */ = {isa = PBXFileReference; fileEncoding = 4; lastKnownFileType = sourcecode.c.objc; name = CurrentUserRequestModel.m; path = models/mantle/request/CurrentUserRequestModel.m; sourceTree = "<group>"; };
		ABC36A231F65373800AECFD1 /* MMNavigationController.h */ = {isa = PBXFileReference; fileEncoding = 4; lastKnownFileType = sourcecode.c.h; path = MMNavigationController.h; sourceTree = "<group>"; };
		ABC36A241F65373800AECFD1 /* MMNavigationController.m */ = {isa = PBXFileReference; fileEncoding = 4; lastKnownFileType = sourcecode.c.objc; path = MMNavigationController.m; sourceTree = "<group>"; };
		ABC36A261F653A1800AECFD1 /* UIViewController+MMDrawerController.h */ = {isa = PBXFileReference; fileEncoding = 4; lastKnownFileType = sourcecode.c.h; path = "UIViewController+MMDrawerController.h"; sourceTree = "<group>"; };
		ABC36A271F653A1800AECFD1 /* UIViewController+MMDrawerController.m */ = {isa = PBXFileReference; fileEncoding = 4; lastKnownFileType = sourcecode.c.objc; path = "UIViewController+MMDrawerController.m"; sourceTree = "<group>"; };
		ABC36A291F653ABA00AECFD1 /* MMDrawerController+Subclass.h */ = {isa = PBXFileReference; lastKnownFileType = sourcecode.c.h; path = "MMDrawerController+Subclass.h"; sourceTree = "<group>"; };
		ABC36A2A1F653C3900AECFD1 /* MMSideDrawerViewController.h */ = {isa = PBXFileReference; fileEncoding = 4; lastKnownFileType = sourcecode.c.h; path = MMSideDrawerViewController.h; sourceTree = "<group>"; };
		ABC36A2B1F653C3900AECFD1 /* MMSideDrawerViewController.m */ = {isa = PBXFileReference; fileEncoding = 4; lastKnownFileType = sourcecode.c.objc; path = MMSideDrawerViewController.m; sourceTree = "<group>"; };
		ABC36A2D1F653CA100AECFD1 /* MMViewController.h */ = {isa = PBXFileReference; fileEncoding = 4; lastKnownFileType = sourcecode.c.h; path = MMViewController.h; sourceTree = "<group>"; };
		ABC36A2E1F653CA100AECFD1 /* MMViewController.m */ = {isa = PBXFileReference; fileEncoding = 4; lastKnownFileType = sourcecode.c.objc; path = MMViewController.m; sourceTree = "<group>"; };
		ABC36A301F653D1400AECFD1 /* MMLogoView.h */ = {isa = PBXFileReference; fileEncoding = 4; lastKnownFileType = sourcecode.c.h; path = MMLogoView.h; sourceTree = "<group>"; };
		ABC36A311F653D1400AECFD1 /* MMLogoView.m */ = {isa = PBXFileReference; fileEncoding = 4; lastKnownFileType = sourcecode.c.objc; path = MMLogoView.m; sourceTree = "<group>"; };
		ABC36A341F653D8000AECFD1 /* MMSideDrawerTableViewCell.h */ = {isa = PBXFileReference; fileEncoding = 4; lastKnownFileType = sourcecode.c.h; path = MMSideDrawerTableViewCell.h; sourceTree = "<group>"; };
		ABC36A351F653D8000AECFD1 /* MMSideDrawerTableViewCell.m */ = {isa = PBXFileReference; fileEncoding = 4; lastKnownFileType = sourcecode.c.objc; path = MMSideDrawerTableViewCell.m; sourceTree = "<group>"; };
		ABC36A371F653D9600AECFD1 /* MMTableViewCell.h */ = {isa = PBXFileReference; fileEncoding = 4; lastKnownFileType = sourcecode.c.h; path = MMTableViewCell.h; sourceTree = "<group>"; };
		ABC36A381F653D9600AECFD1 /* MMTableViewCell.m */ = {isa = PBXFileReference; fileEncoding = 4; lastKnownFileType = sourcecode.c.objc; path = MMTableViewCell.m; sourceTree = "<group>"; };
		ABC36A3A1F653DAE00AECFD1 /* MMSideDrawerSectionHeaderView.h */ = {isa = PBXFileReference; fileEncoding = 4; lastKnownFileType = sourcecode.c.h; path = MMSideDrawerSectionHeaderView.h; sourceTree = "<group>"; };
		ABC36A3B1F653DAE00AECFD1 /* MMSideDrawerSectionHeaderView.m */ = {isa = PBXFileReference; fileEncoding = 4; lastKnownFileType = sourcecode.c.objc; path = MMSideDrawerSectionHeaderView.m; sourceTree = "<group>"; };
		ABC36A3D1F653E0500AECFD1 /* MMLeftSideDrawerViewController.h */ = {isa = PBXFileReference; fileEncoding = 4; lastKnownFileType = sourcecode.c.h; path = MMLeftSideDrawerViewController.h; sourceTree = "<group>"; };
		ABC36A3E1F653E0500AECFD1 /* MMLeftSideDrawerViewController.m */ = {isa = PBXFileReference; fileEncoding = 4; lastKnownFileType = sourcecode.c.objc; path = MMLeftSideDrawerViewController.m; sourceTree = "<group>"; };
		ABC36A401F6676E400AECFD1 /* LogoutViewController.h */ = {isa = PBXFileReference; fileEncoding = 4; lastKnownFileType = sourcecode.c.h; name = LogoutViewController.h; path = viewcontrollers/LogoutViewController.h; sourceTree = "<group>"; };
		ABC36A411F6676E400AECFD1 /* LogoutViewController.m */ = {isa = PBXFileReference; fileEncoding = 4; lastKnownFileType = sourcecode.c.objc; name = LogoutViewController.m; path = viewcontrollers/LogoutViewController.m; sourceTree = "<group>"; };
		ABC36A431F66845900AECFD1 /* SubscriptionsViewController.h */ = {isa = PBXFileReference; fileEncoding = 4; lastKnownFileType = sourcecode.c.h; name = SubscriptionsViewController.h; path = viewcontrollers/SubscriptionsViewController.h; sourceTree = "<group>"; };
		ABC36A441F66845900AECFD1 /* SubscriptionsViewController.m */ = {isa = PBXFileReference; fileEncoding = 4; lastKnownFileType = sourcecode.c.objc; name = SubscriptionsViewController.m; path = viewcontrollers/SubscriptionsViewController.m; sourceTree = "<group>"; };
		ABC36A461F66855000AECFD1 /* CenterContentBaseViewController.h */ = {isa = PBXFileReference; fileEncoding = 4; lastKnownFileType = sourcecode.c.h; name = CenterContentBaseViewController.h; path = viewcontrollers/drawer/CenterContentBaseViewController.h; sourceTree = "<group>"; };
		ABC36A471F66855000AECFD1 /* CenterContentBaseViewController.m */ = {isa = PBXFileReference; fileEncoding = 4; lastKnownFileType = sourcecode.c.objc; name = CenterContentBaseViewController.m; path = viewcontrollers/drawer/CenterContentBaseViewController.m; sourceTree = "<group>"; };
		ABC36A491F668FFD00AECFD1 /* BrowsePackagesViewController.h */ = {isa = PBXFileReference; fileEncoding = 4; lastKnownFileType = sourcecode.c.h; name = BrowsePackagesViewController.h; path = viewcontrollers/BrowsePackagesViewController.h; sourceTree = "<group>"; };
		ABC36A4A1F668FFD00AECFD1 /* BrowsePackagesViewController.m */ = {isa = PBXFileReference; fileEncoding = 4; lastKnownFileType = sourcecode.c.objc; name = BrowsePackagesViewController.m; path = viewcontrollers/BrowsePackagesViewController.m; sourceTree = "<group>"; };
		ABC36A4C1F66901200AECFD1 /* BrowsePublishersViewController.h */ = {isa = PBXFileReference; fileEncoding = 4; lastKnownFileType = sourcecode.c.h; name = BrowsePublishersViewController.h; path = viewcontrollers/BrowsePublishersViewController.h; sourceTree = "<group>"; };
		ABC36A4D1F66901200AECFD1 /* BrowsePublishersViewController.m */ = {isa = PBXFileReference; fileEncoding = 4; lastKnownFileType = sourcecode.c.objc; name = BrowsePublishersViewController.m; path = viewcontrollers/BrowsePublishersViewController.m; sourceTree = "<group>"; };
		ABC36A4F1F66947800AECFD1 /* SettingsViewController.h */ = {isa = PBXFileReference; fileEncoding = 4; lastKnownFileType = sourcecode.c.h; path = SettingsViewController.h; sourceTree = "<group>"; };
		ABC36A501F66947800AECFD1 /* SettingsViewController.m */ = {isa = PBXFileReference; fileEncoding = 4; lastKnownFileType = sourcecode.c.objc; path = SettingsViewController.m; sourceTree = "<group>"; };
/* End PBXFileReference section */

/* Begin PBXFrameworksBuildPhase section */
		ABA403C91EFE17F300B1B0F0 /* Frameworks */ = {
			isa = PBXFrameworksBuildPhase;
			buildActionMask = 2147483647;
			files = (
				00A8DA5B6589492BE1937C0F /* libPods-Meditation Hub.a in Frameworks */,
			);
			runOnlyForDeploymentPostprocessing = 0;
		};
/* End PBXFrameworksBuildPhase section */

/* Begin PBXGroup section */
		6EEE6A916D975EA6BF30EDAB /* Frameworks */ = {
			isa = PBXGroup;
			children = (
				AB2FB1881F35139C00AFCEAC /* libsqlite3.tbd */,
				AB2FB1861F35139100AFCEAC /* libz.tbd */,
				A75489D1722707E477411D1E /* libPods-Meditation Hub.a */,
			);
			name = Frameworks;
			sourceTree = "<group>";
		};
		AB2FB1461F33EAB900AFCEAC /* Models */ = {
			isa = PBXGroup;
			children = (
				AB2FB15F1F34527100AFCEAC /* Realm */,
				AB2FB1471F33EAC300AFCEAC /* Mantle */,
			);
			name = Models;
			sourceTree = "<group>";
		};
		AB2FB1471F33EAC300AFCEAC /* Mantle */ = {
			isa = PBXGroup;
			children = (
				AB2FB14F1F33EFE500AFCEAC /* Response */,
				AB2FB14E1F33EFD100AFCEAC /* Requests */,
				AB2FB1501F33F1D500AFCEAC /* UserModel.h */,
				AB2FB1511F33F1D500AFCEAC /* UserModel.m */,
			);
			name = Mantle;
			sourceTree = "<group>";
		};
		AB2FB14E1F33EFD100AFCEAC /* Requests */ = {
			isa = PBXGroup;
			children = (
				AB2FB1481F33EB0600AFCEAC /* UserEmailLoginRequestModel.h */,
				AB2FB1491F33EB0600AFCEAC /* UserEmailLoginRequestModel.m */,
				AB2FB1631F346ADB00AFCEAC /* FacebookLoginRequestModel.h */,
				AB2FB1641F346ADB00AFCEAC /* FacebookLoginRequestModel.m */,
				ABC36A161F651B4300AECFD1 /* CurrentUserRequestModel.h */,
				ABC36A171F651B4300AECFD1 /* CurrentUserRequestModel.m */,
			);
			name = Requests;
			sourceTree = "<group>";
		};
		AB2FB14F1F33EFE500AFCEAC /* Response */ = {
			isa = PBXGroup;
			children = (
				AB2FB1531F33F8DA00AFCEAC /* UserEmailLoginResponseModel.h */,
				AB2FB1541F33F8DA00AFCEAC /* UserEmailLoginResponseModel.m */,
				AB2FB1601F346A2A00AFCEAC /* FacebookLoginResponseModel.h */,
				AB2FB1611F346A2A00AFCEAC /* FacebookLoginResponseModel.m */,
				ABC36A131F6519D300AECFD1 /* CurrentUserResponseModel.h */,
				ABC36A141F6519D300AECFD1 /* CurrentUserResponseModel.m */,
			);
			name = Response;
			sourceTree = "<group>";
		};
		AB2FB15F1F34527100AFCEAC /* Realm */ = {
			isa = PBXGroup;
			children = (
				AB2FB18F1F35236900AFCEAC /* UserRealm.h */,
				AB2FB1901F35236900AFCEAC /* UserRealm.m */,
			);
			name = Realm;
			sourceTree = "<group>";
		};
		AB8322BF1F33DAF00018EF14 /* ViewControllers */ = {
			isa = PBXGroup;
			children = (
				ABC36A191F65350D00AECFD1 /* Drawer */,
				AB8322BC1F33DAE90018EF14 /* LoginViewController.h */,
				AB8322BD1F33DAE90018EF14 /* LoginViewController.m */,
				AB2FB1591F34203600AFCEAC /* EmailLoginViewController.h */,
				AB2FB15A1F34203600AFCEAC /* EmailLoginViewController.m */,
				AB2FB15C1F344E8400AFCEAC /* EmailSignupViewController.h */,
				AB2FB15D1F344E8400AFCEAC /* EmailSignupViewController.m */,
				AB2FB1921F352CDD00AFCEAC /* WelcomeViewController.h */,
				AB2FB1931F352CDD00AFCEAC /* WelcomeViewController.m */,
				ABC36A0C1F5D331800AECFD1 /* PackageListViewController.h */,
				ABC36A0D1F5D331800AECFD1 /* PackageListViewController.m */,
				ABC36A401F6676E400AECFD1 /* LogoutViewController.h */,
				ABC36A411F6676E400AECFD1 /* LogoutViewController.m */,
				ABC36A431F66845900AECFD1 /* SubscriptionsViewController.h */,
				ABC36A441F66845900AECFD1 /* SubscriptionsViewController.m */,
				ABC36A491F668FFD00AECFD1 /* BrowsePackagesViewController.h */,
				ABC36A4A1F668FFD00AECFD1 /* BrowsePackagesViewController.m */,
				ABC36A4C1F66901200AECFD1 /* BrowsePublishersViewController.h */,
				ABC36A4D1F66901200AECFD1 /* BrowsePublishersViewController.m */,
				ABC36A4F1F66947800AECFD1 /* SettingsViewController.h */,
				ABC36A501F66947800AECFD1 /* SettingsViewController.m */,
			);
			name = ViewControllers;
			sourceTree = "<group>";
		};
		ABA403C31EFE17F300B1B0F0 = {
			isa = PBXGroup;
			children = (
				ABA403CE1EFE17F400B1B0F0 /* Meditation Hub */,
				ABA403CD1EFE17F400B1B0F0 /* Products */,
				CDF8BF3B7F2D253EF687E5CE /* Pods */,
				6EEE6A916D975EA6BF30EDAB /* Frameworks */,
			);
			sourceTree = "<group>";
		};
		ABA403CD1EFE17F400B1B0F0 /* Products */ = {
			isa = PBXGroup;
			children = (
				ABA403CC1EFE17F400B1B0F0 /* Meditation Hub.app */,
			);
			name = Products;
			sourceTree = "<group>";
		};
		ABA403CE1EFE17F400B1B0F0 /* Meditation Hub */ = {
			isa = PBXGroup;
			children = (
				ABC36A0F1F65067800AECFD1 /* API */,
				AB2FB1461F33EAB900AFCEAC /* Models */,
				AB8322BF1F33DAF00018EF14 /* ViewControllers */,
				ABA403D21EFE17F400B1B0F0 /* AppDelegate.h */,
				ABA403D31EFE17F400B1B0F0 /* AppDelegate.m */,
				ABA403D51EFE17F400B1B0F0 /* FirstViewController.h */,
				ABA403D61EFE17F400B1B0F0 /* FirstViewController.m */,
				ABA403D81EFE17F400B1B0F0 /* SecondViewController.h */,
				ABA403D91EFE17F400B1B0F0 /* SecondViewController.m */,
				ABA403DB1EFE17F400B1B0F0 /* Main.storyboard */,
				ABA403DE1EFE17F400B1B0F0 /* Assets.xcassets */,
				ABA403E01EFE17F400B1B0F0 /* LaunchScreen.storyboard */,
				ABA403E31EFE17F400B1B0F0 /* Info.plist */,
				ABA403CF1EFE17F400B1B0F0 /* Supporting Files */,
			);
			path = "Meditation Hub";
			sourceTree = "<group>";
		};
		ABA403CF1EFE17F400B1B0F0 /* Supporting Files */ = {
			isa = PBXGroup;
			children = (
				ABA403D01EFE17F400B1B0F0 /* main.m */,
				AB2FB1451F33E84900AFCEAC /* Global.h */,
			);
			name = "Supporting Files";
			sourceTree = "<group>";
		};
		ABC36A0F1F65067800AECFD1 /* API */ = {
			isa = PBXGroup;
			children = (
				AB2FB14B1F33EF3100AFCEAC /* SessionManager.h */,
				AB2FB14C1F33EF3100AFCEAC /* SessionManager.m */,
				AB2FB1561F341BA600AFCEAC /* ApiManager.h */,
				AB2FB1571F341BA600AFCEAC /* ApiManager.m */,
			);
			name = API;
			sourceTree = "<group>";
		};
		ABC36A191F65350D00AECFD1 /* Drawer */ = {
			isa = PBXGroup;
			children = (
				ABC36A331F653D6400AECFD1 /* Drawer Table Support */,
				ABC36A301F653D1400AECFD1 /* MMLogoView.h */,
				ABC36A311F653D1400AECFD1 /* MMLogoView.m */,
				ABC36A2D1F653CA100AECFD1 /* MMViewController.h */,
				ABC36A2E1F653CA100AECFD1 /* MMViewController.m */,
				ABC36A2A1F653C3900AECFD1 /* MMSideDrawerViewController.h */,
				ABC36A2B1F653C3900AECFD1 /* MMSideDrawerViewController.m */,
				ABC36A291F653ABA00AECFD1 /* MMDrawerController+Subclass.h */,
				ABC36A231F65373800AECFD1 /* MMNavigationController.h */,
				ABC36A241F65373800AECFD1 /* MMNavigationController.m */,
				ABC36A261F653A1800AECFD1 /* UIViewController+MMDrawerController.h */,
				ABC36A271F653A1800AECFD1 /* UIViewController+MMDrawerController.m */,
				ABC36A3D1F653E0500AECFD1 /* MMLeftSideDrawerViewController.h */,
				ABC36A3E1F653E0500AECFD1 /* MMLeftSideDrawerViewController.m */,
				ABC36A461F66855000AECFD1 /* CenterContentBaseViewController.h */,
				ABC36A471F66855000AECFD1 /* CenterContentBaseViewController.m */,
			);
			name = Drawer;
			sourceTree = "<group>";
		};
		ABC36A331F653D6400AECFD1 /* Drawer Table Support */ = {
			isa = PBXGroup;
			children = (
				ABC36A3A1F653DAE00AECFD1 /* MMSideDrawerSectionHeaderView.h */,
				ABC36A3B1F653DAE00AECFD1 /* MMSideDrawerSectionHeaderView.m */,
				ABC36A371F653D9600AECFD1 /* MMTableViewCell.h */,
				ABC36A381F653D9600AECFD1 /* MMTableViewCell.m */,
				ABC36A341F653D8000AECFD1 /* MMSideDrawerTableViewCell.h */,
				ABC36A351F653D8000AECFD1 /* MMSideDrawerTableViewCell.m */,
			);
			name = "Drawer Table Support";
			sourceTree = "<group>";
		};
		CDF8BF3B7F2D253EF687E5CE /* Pods */ = {
			isa = PBXGroup;
			children = (
				9D6F35EEC9C8567858A380D5 /* Pods-Meditation Hub.debug.xcconfig */,
				5A9071A351537163EE76C5BC /* Pods-Meditation Hub.release.xcconfig */,
			);
			name = Pods;
			sourceTree = "<group>";
		};
/* End PBXGroup section */

/* Begin PBXNativeTarget section */
		ABA403CB1EFE17F300B1B0F0 /* Meditation Hub */ = {
			isa = PBXNativeTarget;
			buildConfigurationList = ABA403E61EFE17F400B1B0F0 /* Build configuration list for PBXNativeTarget "Meditation Hub" */;
			buildPhases = (
				99D4D5447F9F9B28BB0CEB0C /* [CP] Check Pods Manifest.lock */,
				ABA403C81EFE17F300B1B0F0 /* Sources */,
				ABA403C91EFE17F300B1B0F0 /* Frameworks */,
				ABA403CA1EFE17F300B1B0F0 /* Resources */,
				D949360544ECC4716C3B3A17 /* [CP] Embed Pods Frameworks */,
				619F455446ECC4357AFC2551 /* [CP] Copy Pods Resources */,
				AB2FB18E1F3513E200AFCEAC /* Embed Frameworks */,
			);
			buildRules = (
			);
			dependencies = (
			);
			name = "Meditation Hub";
			productName = "Meditation Hub";
			productReference = ABA403CC1EFE17F400B1B0F0 /* Meditation Hub.app */;
			productType = "com.apple.product-type.application";
		};
/* End PBXNativeTarget section */

/* Begin PBXProject section */
		ABA403C41EFE17F300B1B0F0 /* Project object */ = {
			isa = PBXProject;
			attributes = {
				LastUpgradeCheck = 0830;
				ORGANIZATIONNAME = Homma;
				TargetAttributes = {
					ABA403CB1EFE17F300B1B0F0 = {
						CreatedOnToolsVersion = 8.3.3;
						DevelopmentTeam = NX5LQ8JEJ9;
						ProvisioningStyle = Automatic;
					};
				};
			};
			buildConfigurationList = ABA403C71EFE17F300B1B0F0 /* Build configuration list for PBXProject "Meditation Hub" */;
			compatibilityVersion = "Xcode 3.2";
			developmentRegion = English;
			hasScannedForEncodings = 0;
			knownRegions = (
				en,
				Base,
			);
			mainGroup = ABA403C31EFE17F300B1B0F0;
			productRefGroup = ABA403CD1EFE17F400B1B0F0 /* Products */;
			projectDirPath = "";
			projectRoot = "";
			targets = (
				ABA403CB1EFE17F300B1B0F0 /* Meditation Hub */,
			);
		};
/* End PBXProject section */

/* Begin PBXResourcesBuildPhase section */
		ABA403CA1EFE17F300B1B0F0 /* Resources */ = {
			isa = PBXResourcesBuildPhase;
			buildActionMask = 2147483647;
			files = (
				ABA403E21EFE17F400B1B0F0 /* LaunchScreen.storyboard in Resources */,
				ABA403DF1EFE17F400B1B0F0 /* Assets.xcassets in Resources */,
				ABA403DD1EFE17F400B1B0F0 /* Main.storyboard in Resources */,
			);
			runOnlyForDeploymentPostprocessing = 0;
		};
/* End PBXResourcesBuildPhase section */

/* Begin PBXShellScriptBuildPhase section */
		619F455446ECC4357AFC2551 /* [CP] Copy Pods Resources */ = {
			isa = PBXShellScriptBuildPhase;
			buildActionMask = 2147483647;
			files = (
			);
			inputPaths = (
			);
			name = "[CP] Copy Pods Resources";
			outputPaths = (
			);
			runOnlyForDeploymentPostprocessing = 0;
			shellPath = /bin/sh;
			shellScript = "\"${SRCROOT}/Pods/Target Support Files/Pods-Meditation Hub/Pods-Meditation Hub-resources.sh\"\n";
			showEnvVarsInLog = 0;
		};
		99D4D5447F9F9B28BB0CEB0C /* [CP] Check Pods Manifest.lock */ = {
			isa = PBXShellScriptBuildPhase;
			buildActionMask = 2147483647;
			files = (
			);
			inputPaths = (
			);
			name = "[CP] Check Pods Manifest.lock";
			outputPaths = (
			);
			runOnlyForDeploymentPostprocessing = 0;
			shellPath = /bin/sh;
			shellScript = "diff \"${PODS_PODFILE_DIR_PATH}/Podfile.lock\" \"${PODS_ROOT}/Manifest.lock\" > /dev/null\nif [ $? != 0 ] ; then\n    # print error to STDERR\n    echo \"error: The sandbox is not in sync with the Podfile.lock. Run 'pod install' or update your CocoaPods installation.\" >&2\n    exit 1\nfi\n";
			showEnvVarsInLog = 0;
		};
		D949360544ECC4716C3B3A17 /* [CP] Embed Pods Frameworks */ = {
			isa = PBXShellScriptBuildPhase;
			buildActionMask = 2147483647;
			files = (
			);
			inputPaths = (
			);
			name = "[CP] Embed Pods Frameworks";
			outputPaths = (
			);
			runOnlyForDeploymentPostprocessing = 0;
			shellPath = /bin/sh;
			shellScript = "\"${SRCROOT}/Pods/Target Support Files/Pods-Meditation Hub/Pods-Meditation Hub-frameworks.sh\"\n";
			showEnvVarsInLog = 0;
		};
/* End PBXShellScriptBuildPhase section */

/* Begin PBXSourcesBuildPhase section */
		ABA403C81EFE17F300B1B0F0 /* Sources */ = {
			isa = PBXSourcesBuildPhase;
			buildActionMask = 2147483647;
			files = (
				ABC36A3F1F653E0500AECFD1 /* MMLeftSideDrawerViewController.m in Sources */,
				ABC36A4E1F66901200AECFD1 /* BrowsePublishersViewController.m in Sources */,
				AB2FB15B1F34203600AFCEAC /* EmailLoginViewController.m in Sources */,
				ABC36A251F65373800AECFD1 /* MMNavigationController.m in Sources */,
				ABC36A151F6519D300AECFD1 /* CurrentUserResponseModel.m in Sources */,
				AB2FB1581F341BA600AFCEAC /* ApiManager.m in Sources */,
				ABC36A451F66845900AECFD1 /* SubscriptionsViewController.m in Sources */,
				ABA403DA1EFE17F400B1B0F0 /* SecondViewController.m in Sources */,
				ABA403D41EFE17F400B1B0F0 /* AppDelegate.m in Sources */,
				ABC36A511F66947800AECFD1 /* SettingsViewController.m in Sources */,
				ABC36A481F66855000AECFD1 /* CenterContentBaseViewController.m in Sources */,
				ABC36A4B1F668FFD00AECFD1 /* BrowsePackagesViewController.m in Sources */,
				ABC36A361F653D8000AECFD1 /* MMSideDrawerTableViewCell.m in Sources */,
				ABC36A3C1F653DAE00AECFD1 /* MMSideDrawerSectionHeaderView.m in Sources */,
				AB2FB1551F33F8DA00AFCEAC /* UserEmailLoginResponseModel.m in Sources */,
				AB2FB1651F346ADB00AFCEAC /* FacebookLoginRequestModel.m in Sources */,
				AB2FB14A1F33EB0600AFCEAC /* UserEmailLoginRequestModel.m in Sources */,
				ABC36A421F6676E400AECFD1 /* LogoutViewController.m in Sources */,
				ABC36A281F653A1800AECFD1 /* UIViewController+MMDrawerController.m in Sources */,
				ABC36A2F1F653CA100AECFD1 /* MMViewController.m in Sources */,
				AB2FB1621F346A2A00AFCEAC /* FacebookLoginResponseModel.m in Sources */,
				ABC36A391F653D9600AECFD1 /* MMTableViewCell.m in Sources */,
				ABA403D71EFE17F400B1B0F0 /* FirstViewController.m in Sources */,
				AB2FB15E1F344E8400AFCEAC /* EmailSignupViewController.m in Sources */,
				ABA403D11EFE17F400B1B0F0 /* main.m in Sources */,
				ABC36A0E1F5D331800AECFD1 /* PackageListViewController.m in Sources */,
				ABC36A2C1F653C3900AECFD1 /* MMSideDrawerViewController.m in Sources */,
				AB2FB14D1F33EF3100AFCEAC /* SessionManager.m in Sources */,
				AB2FB1521F33F1D500AFCEAC /* UserModel.m in Sources */,
				AB2FB1941F352CDD00AFCEAC /* WelcomeViewController.m in Sources */,
				AB8322BE1F33DAE90018EF14 /* LoginViewController.m in Sources */,
				ABC36A321F653D1400AECFD1 /* MMLogoView.m in Sources */,
				AB2FB1911F35236900AFCEAC /* UserRealm.m in Sources */,
				ABC36A181F651B4300AECFD1 /* CurrentUserRequestModel.m in Sources */,
			);
			runOnlyForDeploymentPostprocessing = 0;
		};
/* End PBXSourcesBuildPhase section */

/* Begin PBXVariantGroup section */
		ABA403DB1EFE17F400B1B0F0 /* Main.storyboard */ = {
			isa = PBXVariantGroup;
			children = (
				ABA403DC1EFE17F400B1B0F0 /* Base */,
			);
			name = Main.storyboard;
			sourceTree = "<group>";
		};
		ABA403E01EFE17F400B1B0F0 /* LaunchScreen.storyboard */ = {
			isa = PBXVariantGroup;
			children = (
				ABA403E11EFE17F400B1B0F0 /* Base */,
			);
			name = LaunchScreen.storyboard;
			sourceTree = "<group>";
		};
/* End PBXVariantGroup section */

/* Begin XCBuildConfiguration section */
		ABA403E41EFE17F400B1B0F0 /* Debug */ = {
			isa = XCBuildConfiguration;
			buildSettings = {
				ALWAYS_SEARCH_USER_PATHS = NO;
				CLANG_ANALYZER_NONNULL = YES;
				CLANG_ANALYZER_NUMBER_OBJECT_CONVERSION = YES_AGGRESSIVE;
				CLANG_CXX_LANGUAGE_STANDARD = "gnu++0x";
				CLANG_CXX_LIBRARY = "libc++";
				CLANG_ENABLE_MODULES = YES;
				CLANG_ENABLE_OBJC_ARC = YES;
				CLANG_WARN_BOOL_CONVERSION = YES;
				CLANG_WARN_CONSTANT_CONVERSION = YES;
				CLANG_WARN_DIRECT_OBJC_ISA_USAGE = YES_ERROR;
				CLANG_WARN_DOCUMENTATION_COMMENTS = YES;
				CLANG_WARN_EMPTY_BODY = YES;
				CLANG_WARN_ENUM_CONVERSION = YES;
				CLANG_WARN_INFINITE_RECURSION = YES;
				CLANG_WARN_INT_CONVERSION = YES;
				CLANG_WARN_OBJC_ROOT_CLASS = YES_ERROR;
				CLANG_WARN_SUSPICIOUS_MOVE = YES;
				CLANG_WARN_UNREACHABLE_CODE = YES;
				CLANG_WARN__DUPLICATE_METHOD_MATCH = YES;
				"CODE_SIGN_IDENTITY[sdk=iphoneos*]" = "iPhone Developer";
				COPY_PHASE_STRIP = NO;
				DEBUG_INFORMATION_FORMAT = dwarf;
				ENABLE_STRICT_OBJC_MSGSEND = YES;
				ENABLE_TESTABILITY = YES;
				GCC_C_LANGUAGE_STANDARD = gnu99;
				GCC_DYNAMIC_NO_PIC = NO;
				GCC_NO_COMMON_BLOCKS = YES;
				GCC_OPTIMIZATION_LEVEL = 0;
				GCC_PREPROCESSOR_DEFINITIONS = (
					"DEBUG=1",
					"$(inherited)",
				);
				GCC_WARN_64_TO_32_BIT_CONVERSION = YES;
				GCC_WARN_ABOUT_RETURN_TYPE = YES_ERROR;
				GCC_WARN_UNDECLARED_SELECTOR = YES;
				GCC_WARN_UNINITIALIZED_AUTOS = YES_AGGRESSIVE;
				GCC_WARN_UNUSED_FUNCTION = YES;
				GCC_WARN_UNUSED_VARIABLE = YES;
				IPHONEOS_DEPLOYMENT_TARGET = 10.3;
				MTL_ENABLE_DEBUG_INFO = YES;
				ONLY_ACTIVE_ARCH = YES;
				SDKROOT = iphoneos;
				TARGETED_DEVICE_FAMILY = "1,2";
			};
			name = Debug;
		};
		ABA403E51EFE17F400B1B0F0 /* Release */ = {
			isa = XCBuildConfiguration;
			buildSettings = {
				ALWAYS_SEARCH_USER_PATHS = NO;
				CLANG_ANALYZER_NONNULL = YES;
				CLANG_ANALYZER_NUMBER_OBJECT_CONVERSION = YES_AGGRESSIVE;
				CLANG_CXX_LANGUAGE_STANDARD = "gnu++0x";
				CLANG_CXX_LIBRARY = "libc++";
				CLANG_ENABLE_MODULES = YES;
				CLANG_ENABLE_OBJC_ARC = YES;
				CLANG_WARN_BOOL_CONVERSION = YES;
				CLANG_WARN_CONSTANT_CONVERSION = YES;
				CLANG_WARN_DIRECT_OBJC_ISA_USAGE = YES_ERROR;
				CLANG_WARN_DOCUMENTATION_COMMENTS = YES;
				CLANG_WARN_EMPTY_BODY = YES;
				CLANG_WARN_ENUM_CONVERSION = YES;
				CLANG_WARN_INFINITE_RECURSION = YES;
				CLANG_WARN_INT_CONVERSION = YES;
				CLANG_WARN_OBJC_ROOT_CLASS = YES_ERROR;
				CLANG_WARN_SUSPICIOUS_MOVE = YES;
				CLANG_WARN_UNREACHABLE_CODE = YES;
				CLANG_WARN__DUPLICATE_METHOD_MATCH = YES;
				"CODE_SIGN_IDENTITY[sdk=iphoneos*]" = "iPhone Developer";
				COPY_PHASE_STRIP = NO;
				DEBUG_INFORMATION_FORMAT = "dwarf-with-dsym";
				ENABLE_NS_ASSERTIONS = NO;
				ENABLE_STRICT_OBJC_MSGSEND = YES;
				GCC_C_LANGUAGE_STANDARD = gnu99;
				GCC_NO_COMMON_BLOCKS = YES;
				GCC_WARN_64_TO_32_BIT_CONVERSION = YES;
				GCC_WARN_ABOUT_RETURN_TYPE = YES_ERROR;
				GCC_WARN_UNDECLARED_SELECTOR = YES;
				GCC_WARN_UNINITIALIZED_AUTOS = YES_AGGRESSIVE;
				GCC_WARN_UNUSED_FUNCTION = YES;
				GCC_WARN_UNUSED_VARIABLE = YES;
				IPHONEOS_DEPLOYMENT_TARGET = 10.3;
				MTL_ENABLE_DEBUG_INFO = NO;
				SDKROOT = iphoneos;
				TARGETED_DEVICE_FAMILY = "1,2";
				VALIDATE_PRODUCT = YES;
			};
			name = Release;
		};
		ABA403E71EFE17F400B1B0F0 /* Debug */ = {
			isa = XCBuildConfiguration;
			baseConfigurationReference = 9D6F35EEC9C8567858A380D5 /* Pods-Meditation Hub.debug.xcconfig */;
			buildSettings = {
				ASSETCATALOG_COMPILER_APPICON_NAME = AppIcon;
				CLANG_ALLOW_NON_MODULAR_INCLUDES_IN_FRAMEWORK_MODULES = YES;
				DEVELOPMENT_TEAM = NX5LQ8JEJ9;
				FRAMEWORK_SEARCH_PATHS = (
					"$(inherited)",
					"$(PROJECT_DIR)",
					"$(PROJECT_DIR)/Meditation\\ Hub/Sdk/Aws",
					"$(PROJECT_DIR)/Meditation\\ Hub/Sdk/Aws",
					"$(PROJECT_DIR)/Meditation\\ Hub/Sdk/Facebook",
					"$(PROJECT_DIR)/Meditation\\ Hub/Sdk/Facebook",
					"$(PROJECT_DIR)/Meditation\\ Hub/Sdk/Aws",
					"$(PROJECT_DIR)/Meditation\\ Hub/Sdk/Aws",
					"$(PROJECT_DIR)/Meditation\\ Hub/AmazonAws",
					"$(PROJECT_DIR)/Meditation\\ Hub/AmazonAws",
					"$(PROJECT_DIR)/Meditation\\ Hub/AmazonAws",
					"$(PROJECT_DIR)/Meditation\\ Hub/Sdk/Aws",
					"$(PROJECT_DIR)/Meditation\\ Hub/Sdk/Aws",
				);
				INFOPLIST_FILE = "Meditation Hub/Info.plist";
				LD_RUNPATH_SEARCH_PATHS = "$(inherited) @executable_path/Frameworks";
				PRODUCT_BUNDLE_IDENTIFIER = "com.idynomite.Meditation-Hub";
				PRODUCT_NAME = "$(TARGET_NAME)";
			};
			name = Debug;
		};
		ABA403E81EFE17F400B1B0F0 /* Release */ = {
			isa = XCBuildConfiguration;
			baseConfigurationReference = 5A9071A351537163EE76C5BC /* Pods-Meditation Hub.release.xcconfig */;
			buildSettings = {
				ASSETCATALOG_COMPILER_APPICON_NAME = AppIcon;
				CLANG_ALLOW_NON_MODULAR_INCLUDES_IN_FRAMEWORK_MODULES = YES;
				DEVELOPMENT_TEAM = NX5LQ8JEJ9;
				FRAMEWORK_SEARCH_PATHS = (
					"$(inherited)",
					"$(PROJECT_DIR)",
					"$(PROJECT_DIR)/Meditation\\ Hub/Sdk/Aws",
					"$(PROJECT_DIR)/Meditation\\ Hub/Sdk/Aws",
					"$(PROJECT_DIR)/Meditation\\ Hub/Sdk/Facebook",
					"$(PROJECT_DIR)/Meditation\\ Hub/Sdk/Facebook",
					"$(PROJECT_DIR)/Meditation\\ Hub/Sdk/Aws",
					"$(PROJECT_DIR)/Meditation\\ Hub/Sdk/Aws",
					"$(PROJECT_DIR)/Meditation\\ Hub/AmazonAws",
					"$(PROJECT_DIR)/Meditation\\ Hub/AmazonAws",
					"$(PROJECT_DIR)/Meditation\\ Hub/AmazonAws",
					"$(PROJECT_DIR)/Meditation\\ Hub/Sdk/Aws",
					"$(PROJECT_DIR)/Meditation\\ Hub/Sdk/Aws",
				);
				INFOPLIST_FILE = "Meditation Hub/Info.plist";
				LD_RUNPATH_SEARCH_PATHS = "$(inherited) @executable_path/Frameworks";
				PRODUCT_BUNDLE_IDENTIFIER = "com.idynomite.Meditation-Hub";
				PRODUCT_NAME = "$(TARGET_NAME)";
			};
			name = Release;
		};
/* End XCBuildConfiguration section */

/* Begin XCConfigurationList section */
		ABA403C71EFE17F300B1B0F0 /* Build configuration list for PBXProject "Meditation Hub" */ = {
			isa = XCConfigurationList;
			buildConfigurations = (
				ABA403E41EFE17F400B1B0F0 /* Debug */,
				ABA403E51EFE17F400B1B0F0 /* Release */,
			);
			defaultConfigurationIsVisible = 0;
			defaultConfigurationName = Release;
		};
		ABA403E61EFE17F400B1B0F0 /* Build configuration list for PBXNativeTarget "Meditation Hub" */ = {
			isa = XCConfigurationList;
			buildConfigurations = (
				ABA403E71EFE17F400B1B0F0 /* Debug */,
				ABA403E81EFE17F400B1B0F0 /* Release */,
			);
			defaultConfigurationIsVisible = 0;
			defaultConfigurationName = Release;
		};
/* End XCConfigurationList section */
	};
	rootObject = ABA403C41EFE17F300B1B0F0 /* Project object */;
}
